
Microsoft Visual Studio Solution File, Format Version 12.00
# Visual Studio Version 16
VisualStudioVersion = 16.0.29911.84
MinimumVisualStudioVersion = 10.0.40219.1
Project("{FAE04EC0-301F-11D3-BF4B-00C04F79EFBC}") = "Chapter3", "Chapter3\Chapter3.csproj", "{AE1A1A63-556F-4AD5-8E06-27B031203C60}"
EndProject
Project("{FAE04EC0-301F-11D3-BF4B-00C04F79EFBC}") = "Chapter4_", "Chapter4_\Chapter4_.csproj", "{A2866138-CD51-4880-85FA-A382EEA5DFD1}"
EndProject
Project("{FAE04EC0-301F-11D3-BF4B-00C04F79EFBC}") = "Chapter5", "Chapter5\Chapter5.csproj", "{0D6D0FD7-5577-4086-8E43-3060ADEC7F64}"
EndProject
Project("{FAE04EC0-301F-11D3-BF4B-00C04F79EFBC}") = "Chapter6", "Chapter6\Chapter6.csproj", "{CC2DB6B5-F054-4EAF-B8DD-4D19A18C2C8A}"
EndProject
Project("{FAE04EC0-301F-11D3-BF4B-00C04F79EFBC}") = "Chapter7", "Chapter7\Chapter7.csproj", "{594C7D2A-0DB1-4EAF-A932-B7058E556434}"
EndProject
Project("{FAE04EC0-301F-11D3-BF4B-00C04F79EFBC}") = "SendMailApp", "SendMailApp\SendMailApp.csproj", "{BB75B170-8DCF-434F-85D4-53C0F27DF7FE}"
EndProject
Global
	GlobalSection(SolutionConfigurationPlatforms) = preSolution
		Debug|Any CPU = Debug|Any CPU
		Release|Any CPU = Release|Any CPU
	EndGlobalSection
	GlobalSection(ProjectConfigurationPlatforms) = postSolution
		{AE1A1A63-556F-4AD5-8E06-27B031203C60}.Debug|Any CPU.ActiveCfg = Debug|Any CPU
		{AE1A1A63-556F-4AD5-8E06-27B031203C60}.Debug|Any CPU.Build.0 = Debug|Any CPU
		{AE1A1A63-556F-4AD5-8E06-27B031203C60}.Release|Any CPU.ActiveCfg = Release|Any CPU
		{AE1A1A63-556F-4AD5-8E06-27B031203C60}.Release|Any CPU.Build.0 = Release|Any CPU
		{A2866138-CD51-4880-85FA-A382EEA5DFD1}.Debug|Any CPU.ActiveCfg = Debug|Any CPU
		{A2866138-CD51-4880-85FA-A382EEA5DFD1}.Debug|Any CPU.Build.0 = Debug|Any CPU
		{A2866138-CD51-4880-85FA-A382EEA5DFD1}.Release|Any CPU.ActiveCfg = Release|Any CPU
		{A2866138-CD51-4880-85FA-A382EEA5DFD1}.Release|Any CPU.Build.0 = Release|Any CPU
		{0D6D0FD7-5577-4086-8E43-3060ADEC7F64}.Debug|Any CPU.ActiveCfg = Debug|Any CPU
		{0D6D0FD7-5577-4086-8E43-3060ADEC7F64}.Debug|Any CPU.Build.0 = Debug|Any CPU
		{0D6D0FD7-5577-4086-8E43-3060ADEC7F64}.Release|Any CPU.ActiveCfg = Release|Any CPU
		{0D6D0FD7-5577-4086-8E43-3060ADEC7F64}.Release|Any CPU.Build.0 = Release|Any CPU
		{CC2DB6B5-F054-4EAF-B8DD-4D19A18C2C8A}.Debug|Any CPU.ActiveCfg = Debug|Any CPU
		{CC2DB6B5-F054-4EAF-B8DD-4D19A18C2C8A}.Debug|Any CPU.Build.0 = Debug|Any CPU
		{CC2DB6B5-F054-4EAF-B8DD-4D19A18C2C8A}.Release|Any CPU.ActiveCfg = Release|Any CPU
		{CC2DB6B5-F054-4EAF-B8DD-4D19A18C2C8A}.Release|Any CPU.Build.0 = Release|Any CPU
		{594C7D2A-0DB1-4EAF-A932-B7058E556434}.Debug|Any CPU.ActiveCfg = Debug|Any CPU
		{594C7D2A-0DB1-4EAF-A932-B7058E556434}.Debug|Any CPU.Build.0 = Debug|Any CPU
		{594C7D2A-0DB1-4EAF-A932-B7058E556434}.Release|Any CPU.ActiveCfg = Release|Any CPU
		{594C7D2A-0DB1-4EAF-A932-B7058E556434}.Release|Any CPU.Build.0 = Release|Any CPU
		{BB75B170-8DCF-434F-85D4-53C0F27DF7FE}.Debug|Any CPU.ActiveCfg = Debug|Any CPU
		{BB75B170-8DCF-434F-85D4-53C0F27DF7FE}.Debug|Any CPU.Build.0 = Debug|Any CPU
		{BB75B170-8DCF-434F-85D4-53C0F27DF7FE}.Release|Any CPU.ActiveCfg = Release|Any CPU
		{BB75B170-8DCF-434F-85D4-53C0F27DF7FE}.Release|Any CPU.Build.0 = Release|Any CPU
	EndGlobalSection
	GlobalSection(SolutionProperties) = preSolution
		HideSolutionNode = FALSE
	EndGlobalSection
	GlobalSection(ExtensibilityGlobals) = postSolution
		SolutionGuid = {12E34B1A-3068-42E1-9FC1-46DC56A5A17C}
	EndGlobalSection
EndGlobal
